{
  "nodes": {
    "cornelis": {
      "inputs": {
        "flake-compat": [
          "flake-compat"
        ],
        "flake-utils": [
          "flake-utils"
        ],
        "nixpkgs": [
          "nixpkgs-unstable"
        ]
      },
      "locked": {
        "lastModified": 1709399481,
        "narHash": "sha256-M1a8300cEbUhBEWWvO6zE5JymLx/+IIgturri7mXD3k=",
        "owner": "isovector",
        "repo": "cornelis",
        "rev": "9d83faa1bb796572091575f7d913717113e66568",
        "type": "github"
      },
      "original": {
        "owner": "isovector",
        "repo": "cornelis",
        "type": "github"
      }
    },
    "darwin": {
      "inputs": {
        "nixpkgs": [
          "nixpkgs-unstable"
        ]
      },
      "locked": {
        "lastModified": 1710717205,
        "narHash": "sha256-Wf3gHh5uV6W1TV/A8X8QJf99a5ypDSugY4sNtdJDe0A=",
        "owner": "LnL7",
        "repo": "nix-darwin",
        "rev": "bcc8afd06e237df060c85bad6af7128e05fd61a3",
        "type": "github"
      },
      "original": {
        "owner": "LnL7",
        "repo": "nix-darwin",
        "type": "github"
      }
    },
    "devshell": {
      "inputs": {
        "nixpkgs": [
          "prefmanager",
          "nixpkgs"
        ],
        "systems": "systems_2"
      },
      "locked": {
        "lastModified": 1701787589,
        "narHash": "sha256-ce+oQR4Zq9VOsLoh9bZT8Ip9PaMLcjjBUHVPzW5d7Cw=",
        "owner": "numtide",
        "repo": "devshell",
        "rev": "44ddedcbcfc2d52a76b64fb6122f209881bd3e1e",
        "type": "github"
      },
      "original": {
        "owner": "numtide",
        "repo": "devshell",
        "type": "github"
      }
    },
    "flake-compat": {
      "flake": false,
      "locked": {
        "lastModified": 1696426674,
        "narHash": "sha256-kvjfFW7WAETZlt09AgDn1MrtKzP7t90Vf7vypd3OL1U=",
        "owner": "edolstra",
        "repo": "flake-compat",
        "rev": "0f9255e01c2351cc7d116c072cb317785dd33b33",
        "type": "github"
      },
      "original": {
        "owner": "edolstra",
        "repo": "flake-compat",
        "type": "github"
      }
    },
    "flake-utils": {
      "inputs": {
        "systems": "systems"
      },
      "locked": {
        "lastModified": 1710146030,
        "narHash": "sha256-SZ5L6eA7HJ/nmkzGG7/ISclqe6oZdOZTNoesiInkXPQ=",
        "owner": "numtide",
        "repo": "flake-utils",
        "rev": "b1d9ab70662946ef0850d488da1c9019f3a9752a",
        "type": "github"
      },
      "original": {
        "owner": "numtide",
        "repo": "flake-utils",
        "type": "github"
      }
    },
    "home-manager": {
      "inputs": {
        "nixpkgs": [
          "nixpkgs-unstable"
        ]
      },
      "locked": {
        "lastModified": 1710820906,
        "narHash": "sha256-2bNMraoRB4pdw/HtxgYTFeMhEekBZeQ53/a8xkqpbZc=",
        "owner": "nix-community",
        "repo": "home-manager",
        "rev": "022464438a85450abb23d93b91aa82e0addd71fb",
        "type": "github"
      },
      "original": {
        "owner": "nix-community",
        "repo": "home-manager",
        "type": "github"
      }
    },
    "nixpkgs-master": {
      "locked": {
        "lastModified": 1710855775,
        "narHash": "sha256-ZXCz9v2vHiLDB6QAzJU/HAmMJsepyHmEjGYDlOnHv+k=",
        "owner": "NixOS",
        "repo": "nixpkgs",
        "rev": "e8ebea1fd144ada4e643c65af0f6e04feb05f70f",
        "type": "github"
      },
      "original": {
        "owner": "NixOS",
        "ref": "master",
        "repo": "nixpkgs",
        "type": "github"
      }
    },
    "nixpkgs-stable": {
      "locked": {
        "lastModified": 1705033721,
        "narHash": "sha256-K5eJHmL1/kev6WuqyqqbS1cdNnSidIZ3jeqJ7GbrYnQ=",
        "owner": "NixOS",
        "repo": "nixpkgs",
        "rev": "a1982c92d8980a0114372973cbdfe0a307f1bdea",
        "type": "github"
      },
      "original": {
        "owner": "NixOS",
        "ref": "nixpkgs-23.05-darwin",
        "repo": "nixpkgs",
        "type": "github"
      }
    },
    "nixpkgs-unstable": {
      "locked": {
        "lastModified": 1710827359,
        "narHash": "sha256-/KY8hffTh9SN/tTcDn/FrEiYwTXnU8NKnr4D7/stmmA=",
        "owner": "NixOS",
        "repo": "nixpkgs",
        "rev": "5710127d9693421e78cca4f74fac2db6d67162b1",
        "type": "github"
      },
      "original": {
        "owner": "NixOS",
        "ref": "nixpkgs-unstable",
        "repo": "nixpkgs",
        "type": "github"
      }
    },
    "plist-source": {
      "flake": false,
      "locked": {
        "lastModified": 1611283854,
        "narHash": "sha256-7ubuVH6P2uYeCq82/ALd6E5szjBBqEtcO61u+5qRCt0=",
        "owner": "malob",
        "repo": "plist",
        "rev": "5e22be0933bf9a100868b944fa7a8b1236b99255",
        "type": "github"
      },
      "original": {
        "owner": "malob",
        "ref": "monadfail",
        "repo": "plist",
        "type": "github"
      }
    },
    "prefmanager": {
      "inputs": {
        "devshell": "devshell",
        "flake-compat": [
          "flake-compat"
        ],
        "flake-utils": [
          "flake-utils"
        ],
        "nixpkgs": [
          "nixpkgs-unstable"
        ],
        "plist-source": "plist-source"
      },
      "locked": {
        "lastModified": 1703073067,
        "narHash": "sha256-JxaU0WXKd0Hj5Dr+YO5Td4IuuyNQKSFcToR3bUbCZtg=",
        "owner": "malob",
        "repo": "prefmanager",
        "rev": "747ec097810ecef2c9ad94fb99282bc1957af38a",
        "type": "github"
      },
      "original": {
        "owner": "malob",
        "repo": "prefmanager",
        "type": "github"
      }
    },
    "root": {
      "inputs": {
        "cornelis": "cornelis",
        "darwin": "darwin",
        "flake-compat": "flake-compat",
        "flake-utils": "flake-utils",
        "home-manager": "home-manager",
        "nixpkgs-master": "nixpkgs-master",
        "nixpkgs-stable": "nixpkgs-stable",
        "nixpkgs-unstable": "nixpkgs-unstable",
        "prefmanager": "prefmanager"
      }
    },
    "systems": {
      "locked": {
        "lastModified": 1681028828,
        "narHash": "sha256-Vy1rq5AaRuLzOxct8nz4T6wlgyUR7zLU309k9mBC768=",
        "owner": "nix-systems",
        "repo": "default",
        "rev": "da67096a3b9bf56a91d16901293e51ba5b49a27e",
        "type": "github"
      },
      "original": {
        "owner": "nix-systems",
        "repo": "default",
        "type": "github"
      }
    },
    "systems_2": {
      "locked": {
        "lastModified": 1681028828,
        "narHash": "sha256-Vy1rq5AaRuLzOxct8nz4T6wlgyUR7zLU309k9mBC768=",
        "owner": "nix-systems",
        "repo": "default",
        "rev": "da67096a3b9bf56a91d16901293e51ba5b49a27e",
        "type": "github"
      },
      "original": {
        "owner": "nix-systems",
        "repo": "default",
        "type": "github"
      }
    }
  },
  "root": "root",
  "version": 7
}
